[[package]]
name = "appnope"
version = "0.1.3"
description = "Disable App Nap on macOS >= 10.9"
category = "main"
optional = false
python-versions = "*"

[[package]]
name = "asttokens"
version = "2.0.5"
description = "Annotate AST trees with source code positions"
category = "main"
optional = false
python-versions = "*"

[package.dependencies]
six = "*"

[package.extras]
test = ["astroid", "pytest"]

[[package]]
name = "azure-core"
version = "1.24.0"
description = "Microsoft Azure Core Library for Python"
category = "main"
optional = false
python-versions = ">=3.6"

[package.dependencies]
requests = ">=2.18.4"
six = ">=1.11.0"
typing-extensions = ">=4.0.1"

[[package]]
name = "azure-identity"
version = "1.10.0"
description = "Microsoft Azure Identity Library for Python"
category = "main"
optional = false
python-versions = ">=3.6"

[package.dependencies]
azure-core = ">=1.11.0,<2.0.0"
cryptography = ">=2.5"
msal = ">=1.12.0,<2.0.0"
msal-extensions = ">=0.3.0,<2.0.0"
six = ">=1.12.0"

[[package]]
name = "azure-storage-blob"
version = "12.11.0"
description = "Microsoft Azure Blob Storage Client Library for Python"
category = "main"
optional = false
python-versions = ">=3.6"

[package.dependencies]
azure-core = ">=1.15.0,<2.0.0"
cryptography = ">=2.1.4"
msrest = ">=0.6.21"

[[package]]
name = "backcall"
version = "0.2.0"
description = "Specifications for callback functions passed in to an API"
category = "main"
optional = false
python-versions = "*"

[[package]]
name = "certifi"
version = "2021.10.8"
description = "Python package for providing Mozilla's CA Bundle."
category = "main"
optional = false
python-versions = "*"

[[package]]
name = "cffi"
version = "1.15.0"
description = "Foreign Function Interface for Python calling C code."
category = "main"
optional = false
python-versions = "*"

[package.dependencies]
pycparser = "*"

[[package]]
name = "charset-normalizer"
version = "2.0.12"
description = "The Real First Universal Charset Detector. Open, modern and actively maintained alternative to Chardet."
category = "main"
optional = false
python-versions = ">=3.5.0"

[package.extras]
unicode_backport = ["unicodedata2"]

[[package]]
name = "colorama"
version = "0.4.4"
description = "Cross-platform colored terminal text."
category = "main"
optional = false
python-versions = ">=2.7, !=3.0.*, !=3.1.*, !=3.2.*, !=3.3.*, !=3.4.*"

[[package]]
name = "cryptography"
version = "37.0.2"
description = "cryptography is a package which provides cryptographic recipes and primitives to Python developers."
category = "main"
optional = false
python-versions = ">=3.6"

[package.dependencies]
cffi = ">=1.12"

[package.extras]
docs = ["sphinx (>=1.6.5,!=1.8.0,!=3.1.0,!=3.1.1)", "sphinx-rtd-theme"]
docstest = ["pyenchant (>=1.6.11)", "twine (>=1.12.0)", "sphinxcontrib-spelling (>=4.0.1)"]
pep8test = ["black", "flake8", "flake8-import-order", "pep8-naming"]
sdist = ["setuptools_rust (>=0.11.4)"]
ssh = ["bcrypt (>=3.1.5)"]
test = ["pytest (>=6.2.0)", "pytest-benchmark", "pytest-cov", "pytest-subtests", "pytest-xdist", "pretend", "iso8601", "pytz", "hypothesis (>=1.11.4,!=3.79.2)"]

[[package]]
name = "decorator"
version = "5.1.1"
description = "Decorators for Humans"
category = "main"
optional = false
python-versions = ">=3.5"

[[package]]
name = "executing"
version = "0.8.3"
description = "Get the currently executing AST node of a frame, and other information"
category = "main"
optional = false
python-versions = "*"

[[package]]
name = "idna"
version = "3.3"
description = "Internationalized Domain Names in Applications (IDNA)"
category = "main"
optional = false
python-versions = ">=3.5"

[[package]]
name = "ipython"
version = "8.3.0"
description = "IPython: Productive Interactive Computing"
category = "main"
optional = false
python-versions = ">=3.8"

[package.dependencies]
appnope = {version = "*", markers = "sys_platform == \"darwin\""}
backcall = "*"
colorama = {version = "*", markers = "sys_platform == \"win32\""}
decorator = "*"
jedi = ">=0.16"
matplotlib-inline = "*"
pexpect = {version = ">4.3", markers = "sys_platform != \"win32\""}
pickleshare = "*"
prompt-toolkit = ">=2.0.0,<3.0.0 || >3.0.0,<3.0.1 || >3.0.1,<3.1.0"
pygments = ">=2.4.0"
stack-data = "*"
traitlets = ">=5"

[package.extras]
all = ["black", "Sphinx (>=1.3)", "ipykernel", "nbconvert", "nbformat", "ipywidgets", "notebook", "ipyparallel", "qtconsole", "pytest (<7.1)", "pytest-asyncio", "testpath", "curio", "matplotlib (!=3.2.0)", "numpy (>=1.19)", "pandas", "trio"]
black = ["black"]
doc = ["Sphinx (>=1.3)"]
kernel = ["ipykernel"]
nbconvert = ["nbconvert"]
nbformat = ["nbformat"]
notebook = ["ipywidgets", "notebook"]
parallel = ["ipyparallel"]
qtconsole = ["qtconsole"]
test = ["pytest (<7.1)", "pytest-asyncio", "testpath"]
test_extra = ["pytest (<7.1)", "pytest-asyncio", "testpath", "curio", "matplotlib (!=3.2.0)", "nbformat", "numpy (>=1.19)", "pandas", "trio"]

[[package]]
name = "isodate"
version = "0.6.1"
description = "An ISO 8601 date/time/duration parser and formatter"
category = "main"
optional = false
python-versions = "*"

[package.dependencies]
six = "*"

[[package]]
name = "jedi"
version = "0.18.1"
description = "An autocompletion tool for Python that can be used for text editors."
category = "main"
optional = false
python-versions = ">=3.6"

[package.dependencies]
parso = ">=0.8.0,<0.9.0"

[package.extras]
qa = ["flake8 (==3.8.3)", "mypy (==0.782)"]
testing = ["Django (<3.1)", "colorama", "docopt", "pytest (<7.0.0)"]

[[package]]
name = "matplotlib-inline"
version = "0.1.3"
description = "Inline Matplotlib backend for Jupyter"
category = "main"
optional = false
python-versions = ">=3.5"

[package.dependencies]
traitlets = "*"

[[package]]
name = "msal"
version = "1.17.0"
description = "The Microsoft Authentication Library (MSAL) for Python library enables your app to access the Microsoft Cloud by supporting authentication of users with Microsoft Azure Active Directory accounts (AAD) and Microsoft Accounts (MSA) using industry standard OAuth2 and OpenID Connect."
category = "main"
optional = false
python-versions = "*"

[package.dependencies]
cryptography = ">=0.6,<39"
PyJWT = {version = ">=1.0.0,<3", extras = ["crypto"]}
requests = ">=2.0.0,<3"

[[package]]
name = "msal-extensions"
version = "1.0.0"
description = "Microsoft Authentication Library extensions (MSAL EX) provides a persistence API that can save your data on disk, encrypted on Windows, macOS and Linux. Concurrent data access will be coordinated by a file lock mechanism."
category = "main"
optional = false
python-versions = "*"

[package.dependencies]
msal = ">=0.4.1,<2.0.0"
portalocker = [
    {version = ">=1.0,<3", markers = "python_version >= \"3.5\" and platform_system != \"Windows\""},
    {version = ">=1.6,<3", markers = "python_version >= \"3.5\" and platform_system == \"Windows\""},
]

[[package]]
name = "msrest"
version = "0.6.21"
description = "AutoRest swagger generator Python client runtime."
category = "main"
optional = false
python-versions = "*"

[package.dependencies]
certifi = ">=2017.4.17"
isodate = ">=0.6.0"
requests = ">=2.16,<3.0"
requests-oauthlib = ">=0.5.0"

[package.extras]
async = ["aiohttp (>=3.0)", "aiodns"]

[[package]]
name = "oauthlib"
version = "3.2.0"
description = "A generic, spec-compliant, thorough implementation of the OAuth request-signing logic"
category = "main"
optional = false
python-versions = ">=3.6"

[package.extras]
rsa = ["cryptography (>=3.0.0)"]
signals = ["blinker (>=1.4.0)"]
signedtoken = ["cryptography (>=3.0.0)", "pyjwt (>=2.0.0,<3)"]

[[package]]
name = "parso"
version = "0.8.3"
description = "A Python Parser"
category = "main"
optional = false
python-versions = ">=3.6"

[package.extras]
qa = ["flake8 (==3.8.3)", "mypy (==0.782)"]
testing = ["docopt", "pytest (<6.0.0)"]

[[package]]
name = "pexpect"
version = "4.8.0"
description = "Pexpect allows easy control of interactive console applications."
category = "main"
optional = false
python-versions = "*"

[package.dependencies]
ptyprocess = ">=0.5"

[[package]]
name = "pickleshare"
version = "0.7.5"
description = "Tiny 'shelve'-like database with concurrency support"
category = "main"
optional = false
python-versions = "*"

[[package]]
name = "portalocker"
version = "2.4.0"
description = "Wraps the portalocker recipe for easy usage"
category = "main"
optional = false
python-versions = ">=3.5"

[package.dependencies]
pywin32 = {version = ">=226", markers = "platform_system == \"Windows\""}

[package.extras]
docs = ["sphinx (>=1.7.1)"]
redis = ["redis"]
tests = ["pytest (>=5.4.1)", "pytest-cov (>=2.8.1)", "sphinx (>=3.0.3)", "pytest-mypy (>=0.8.0)", "redis"]

[[package]]
name = "prompt-toolkit"
version = "3.0.29"
description = "Library for building powerful interactive command lines in Python"
category = "main"
optional = false
python-versions = ">=3.6.2"

[package.dependencies]
wcwidth = "*"

[[package]]
name = "ptyprocess"
version = "0.7.0"
description = "Run a subprocess in a pseudo terminal"
category = "main"
optional = false
python-versions = "*"

[[package]]
name = "pure-eval"
version = "0.2.2"
description = "Safely evaluate AST nodes without side effects"
category = "main"
optional = false
python-versions = "*"

[package.extras]
tests = ["pytest"]

[[package]]
name = "py4j"
version = "0.10.9.3"
description = "Enables Python programs to dynamically access arbitrary Java objects"
category = "main"
optional = false
python-versions = "*"

[[package]]
name = "pycparser"
version = "2.21"
description = "C parser in Python"
category = "main"
optional = false
python-versions = ">=2.7, !=3.0.*, !=3.1.*, !=3.2.*, !=3.3.*"

[[package]]
name = "pygments"
version = "2.12.0"
description = "Pygments is a syntax highlighting package written in Python."
category = "main"
optional = false
python-versions = ">=3.6"

[[package]]
name = "pyjwt"
version = "2.3.0"
description = "JSON Web Token implementation in Python"
category = "main"
optional = false
python-versions = ">=3.6"

[package.dependencies]
cryptography = {version = ">=3.3.1", optional = true, markers = "extra == \"crypto\""}

[package.extras]
crypto = ["cryptography (>=3.3.1)"]
dev = ["sphinx", "sphinx-rtd-theme", "zope.interface", "cryptography (>=3.3.1)", "pytest (>=6.0.0,<7.0.0)", "coverage[toml] (==5.0.4)", "mypy", "pre-commit"]
docs = ["sphinx", "sphinx-rtd-theme", "zope.interface"]
tests = ["pytest (>=6.0.0,<7.0.0)", "coverage[toml] (==5.0.4)"]

[[package]]
name = "pyspark"
version = "3.2.1"
description = "Apache Spark Python API"
category = "main"
optional = false
python-versions = ">=3.6"

[package.dependencies]
py4j = "0.10.9.3"

[package.extras]
ml = ["numpy (>=1.7)"]
mllib = ["numpy (>=1.7)"]
pandas_on_spark = ["numpy (>=1.14)", "pandas (>=0.23.2)", "pyarrow (>=1.0.0)"]
sql = ["pandas (>=0.23.2)", "pyarrow (>=1.0.0)"]

[[package]]
name = "python-dotenv"
version = "0.20.0"
description = "Read key-value pairs from a .env file and set them as environment variables"
category = "main"
optional = false
python-versions = ">=3.5"

[package.extras]
cli = ["click (>=5.0)"]

[[package]]
name = "pywin32"
version = "304"
description = "Python for Window Extensions"
category = "main"
optional = false
python-versions = "*"

[[package]]
name = "requests"
version = "2.27.1"
description = "Python HTTP for Humans."
category = "main"
optional = false
python-versions = ">=2.7, !=3.0.*, !=3.1.*, !=3.2.*, !=3.3.*, !=3.4.*, !=3.5.*"

[package.dependencies]
certifi = ">=2017.4.17"
charset-normalizer = {version = ">=2.0.0,<2.1.0", markers = "python_version >= \"3\""}
idna = {version = ">=2.5,<4", markers = "python_version >= \"3\""}
urllib3 = ">=1.21.1,<1.27"

[package.extras]
socks = ["PySocks (>=1.5.6,!=1.5.7)", "win-inet-pton"]
use_chardet_on_py3 = ["chardet (>=3.0.2,<5)"]

[[package]]
name = "requests-oauthlib"
version = "1.3.1"
description = "OAuthlib authentication support for Requests."
category = "main"
optional = false
python-versions = ">=2.7, !=3.0.*, !=3.1.*, !=3.2.*, !=3.3.*"

[package.dependencies]
oauthlib = ">=3.0.0"
requests = ">=2.0.0"

[package.extras]
rsa = ["oauthlib[signedtoken] (>=3.0.0)"]

[[package]]
name = "six"
version = "1.16.0"
description = "Python 2 and 3 compatibility utilities"
category = "main"
optional = false
python-versions = ">=2.7, !=3.0.*, !=3.1.*, !=3.2.*"

[[package]]
name = "stack-data"
version = "0.2.0"
description = "Extract data from python stack frames and tracebacks for informative displays"
category = "main"
optional = false
python-versions = "*"

[package.dependencies]
asttokens = "*"
executing = "*"
pure-eval = "*"

[package.extras]
tests = ["pytest", "typeguard", "pygments", "littleutils", "cython"]

[[package]]
name = "traitlets"
version = "5.2.0"
description = "Traitlets Python configuration system"
category = "main"
optional = false
python-versions = ">=3.7"

[package.extras]
test = ["pytest", "pre-commit"]

[[package]]
name = "typing-extensions"
version = "4.2.0"
description = "Backported and Experimental Type Hints for Python 3.7+"
category = "main"
optional = false
python-versions = ">=3.7"

[[package]]
name = "urllib3"
version = "1.26.9"
description = "HTTP library with thread-safe connection pooling, file post, and more."
category = "main"
optional = false
python-versions = ">=2.7, !=3.0.*, !=3.1.*, !=3.2.*, !=3.3.*, !=3.4.*, <4"

[package.extras]
brotli = ["brotlicffi (>=0.8.0)", "brotli (>=1.0.9)", "brotlipy (>=0.6.0)"]
secure = ["pyOpenSSL (>=0.14)", "cryptography (>=1.3.4)", "idna (>=2.0.0)", "certifi", "ipaddress"]
socks = ["PySocks (>=1.5.6,!=1.5.7,<2.0)"]

[[package]]
name = "wcwidth"
version = "0.2.5"
description = "Measures the displayed width of unicode strings in a terminal"
category = "main"
optional = false
python-versions = "*"

[metadata]
lock-version = "1.1"
python-versions = "^3.9"
content-hash = "d3beb4eb5681e4a4e955d9ba17d46a862f9f033993e8f5fe35c032916f91ee24"

[metadata.files]
appnope = [
    {file = "appnope-0.1.3-py2.py3-none-any.whl", hash = "sha256:265a455292d0bd8a72453494fa24df5a11eb18373a60c7c0430889f22548605e"},
    {file = "appnope-0.1.3.tar.gz", hash = "sha256:02bd91c4de869fbb1e1c50aafc4098827a7a54ab2f39d9dcba6c9547ed920e24"},
]
asttokens = [
    {file = "asttokens-2.0.5-py2.py3-none-any.whl", hash = "sha256:0844691e88552595a6f4a4281a9f7f79b8dd45ca4ccea82e5e05b4bbdb76705c"},
    {file = "asttokens-2.0.5.tar.gz", hash = "sha256:9a54c114f02c7a9480d56550932546a3f1fe71d8a02f1bc7ccd0ee3ee35cf4d5"},
]
azure-core = [
    {file = "azure-core-1.24.0.zip", hash = "sha256:345b1b041faad7d0205b20d5697f1d0df344302e7aaa8501905580ff87bd0be5"},
    {file = "azure_core-1.24.0-py3-none-any.whl", hash = "sha256:923e492e72d103c768a643dfad331ce6b8ec1669575c7d0832fed19bffd119f7"},
]
azure-identity = [
    {file = "azure-identity-1.10.0.zip", hash = "sha256:656e5034d9cef297cf9b35376ed620085273c18cfa52cea4a625bf0d5d2d6409"},
    {file = "azure_identity-1.10.0-py3-none-any.whl", hash = "sha256:b386f1ccbea6a48b9ab7e7f162adc456793c345193a7c1a713959562b08dcbbd"},
]
azure-storage-blob = [
    {file = "azure-storage-blob-12.11.0.zip", hash = "sha256:49535b3190bb69d0d9ff7a383246b14da4d2b1bdff60cae5f9173920c67ca7ee"},
    {file = "azure_storage_blob-12.11.0-py3-none-any.whl", hash = "sha256:f3dfa605aefb453e7489328b76811a937a411761d7a1613a58c3975c556ec778"},
]
backcall = [
    {file = "backcall-0.2.0-py2.py3-none-any.whl", hash = "sha256:fbbce6a29f263178a1f7915c1940bde0ec2b2a967566fe1c65c1dfb7422bd255"},
    {file = "backcall-0.2.0.tar.gz", hash = "sha256:5cbdbf27be5e7cfadb448baf0aa95508f91f2bbc6c6437cd9cd06e2a4c215e1e"},
]
certifi = [
    {file = "certifi-2021.10.8-py2.py3-none-any.whl", hash = "sha256:d62a0163eb4c2344ac042ab2bdf75399a71a2d8c7d47eac2e2ee91b9d6339569"},
    {file = "certifi-2021.10.8.tar.gz", hash = "sha256:78884e7c1d4b00ce3cea67b44566851c4343c120abd683433ce934a68ea58872"},
]
cffi = [
    {file = "cffi-1.15.0-cp27-cp27m-macosx_10_9_x86_64.whl", hash = "sha256:c2502a1a03b6312837279c8c1bd3ebedf6c12c4228ddbad40912d671ccc8a962"},
    {file = "cffi-1.15.0-cp27-cp27m-manylinux1_i686.whl", hash = "sha256:23cfe892bd5dd8941608f93348c0737e369e51c100d03718f108bf1add7bd6d0"},
    {file = "cffi-1.15.0-cp27-cp27m-manylinux1_x86_64.whl", hash = "sha256:41d45de54cd277a7878919867c0f08b0cf817605e4eb94093e7516505d3c8d14"},
    {file = "cffi-1.15.0-cp27-cp27m-win32.whl", hash = "sha256:4a306fa632e8f0928956a41fa8e1d6243c71e7eb59ffbd165fc0b41e316b2474"},
    {file = "cffi-1.15.0-cp27-cp27m-win_amd64.whl", hash = "sha256:e7022a66d9b55e93e1a845d8c9eba2a1bebd4966cd8bfc25d9cd07d515b33fa6"},
    {file = "cffi-1.15.0-cp27-cp27mu-manylinux1_i686.whl", hash = "sha256:14cd121ea63ecdae71efa69c15c5543a4b5fbcd0bbe2aad864baca0063cecf27"},
    {file = "cffi-1.15.0-cp27-cp27mu-manylinux1_x86_64.whl", hash = "sha256:d4d692a89c5cf08a8557fdeb329b82e7bf609aadfaed6c0d79f5a449a3c7c023"},
    {file = "cffi-1.15.0-cp310-cp310-macosx_10_9_x86_64.whl", hash = "sha256:0104fb5ae2391d46a4cb082abdd5c69ea4eab79d8d44eaaf79f1b1fd806ee4c2"},
    {file = "cffi-1.15.0-cp310-cp310-macosx_11_0_arm64.whl", hash = "sha256:91ec59c33514b7c7559a6acda53bbfe1b283949c34fe7440bcf917f96ac0723e"},
    {file = "cffi-1.15.0-cp310-cp310-manylinux_2_12_i686.manylinux2010_i686.whl", hash = "sha256:f5c7150ad32ba43a07c4479f40241756145a1f03b43480e058cfd862bf5041c7"},
    {file = "cffi-1.15.0-cp310-cp310-manylinux_2_12_x86_64.manylinux2010_x86_64.whl", hash = "sha256:00c878c90cb53ccfaae6b8bc18ad05d2036553e6d9d1d9dbcf323bbe83854ca3"},
    {file = "cffi-1.15.0-cp310-cp310-manylinux_2_17_aarch64.manylinux2014_aarch64.whl", hash = "sha256:abb9a20a72ac4e0fdb50dae135ba5e77880518e742077ced47eb1499e29a443c"},
    {file = "cffi-1.15.0-cp310-cp310-manylinux_2_17_ppc64le.manylinux2014_ppc64le.whl", hash = "sha256:a5263e363c27b653a90078143adb3d076c1a748ec9ecc78ea2fb916f9b861962"},
    {file = "cffi-1.15.0-cp310-cp310-manylinux_2_17_s390x.manylinux2014_s390x.whl", hash = "sha256:f54a64f8b0c8ff0b64d18aa76675262e1700f3995182267998c31ae974fbc382"},
    {file = "cffi-1.15.0-cp310-cp310-win32.whl", hash = "sha256:c21c9e3896c23007803a875460fb786118f0cdd4434359577ea25eb556e34c55"},
    {file = "cffi-1.15.0-cp310-cp310-win_amd64.whl", hash = "sha256:5e069f72d497312b24fcc02073d70cb989045d1c91cbd53979366077959933e0"},
    {file = "cffi-1.15.0-cp36-cp36m-macosx_10_9_x86_64.whl", hash = "sha256:64d4ec9f448dfe041705426000cc13e34e6e5bb13736e9fd62e34a0b0c41566e"},
    {file = "cffi-1.15.0-cp36-cp36m-manylinux_2_17_aarch64.manylinux2014_aarch64.whl", hash = "sha256:2756c88cbb94231c7a147402476be2c4df2f6078099a6f4a480d239a8817ae39"},
    {file = "cffi-1.15.0-cp36-cp36m-manylinux_2_17_ppc64le.manylinux2014_ppc64le.whl", hash = "sha256:3b96a311ac60a3f6be21d2572e46ce67f09abcf4d09344c49274eb9e0bf345fc"},
    {file = "cffi-1.15.0-cp36-cp36m-manylinux_2_17_s390x.manylinux2014_s390x.whl", hash = "sha256:75e4024375654472cc27e91cbe9eaa08567f7fbdf822638be2814ce059f58032"},
    {file = "cffi-1.15.0-cp36-cp36m-manylinux_2_5_i686.manylinux1_i686.whl", hash = "sha256:59888172256cac5629e60e72e86598027aca6bf01fa2465bdb676d37636573e8"},
    {file = "cffi-1.15.0-cp36-cp36m-manylinux_2_5_x86_64.manylinux1_x86_64.whl", hash = "sha256:27c219baf94952ae9d50ec19651a687b826792055353d07648a5695413e0c605"},
    {file = "cffi-1.15.0-cp36-cp36m-win32.whl", hash = "sha256:4958391dbd6249d7ad855b9ca88fae690783a6be9e86df65865058ed81fc860e"},
    {file = "cffi-1.15.0-cp36-cp36m-win_amd64.whl", hash = "sha256:f6f824dc3bce0edab5f427efcfb1d63ee75b6fcb7282900ccaf925be84efb0fc"},
    {file = "cffi-1.15.0-cp37-cp37m-macosx_10_9_x86_64.whl", hash = "sha256:06c48159c1abed75c2e721b1715c379fa3200c7784271b3c46df01383b593636"},
    {file = "cffi-1.15.0-cp37-cp37m-manylinux_2_12_i686.manylinux2010_i686.whl", hash = "sha256:c2051981a968d7de9dd2d7b87bcb9c939c74a34626a6e2f8181455dd49ed69e4"},
    {file = "cffi-1.15.0-cp37-cp37m-manylinux_2_12_x86_64.manylinux2010_x86_64.whl", hash = "sha256:fd8a250edc26254fe5b33be00402e6d287f562b6a5b2152dec302fa15bb3e997"},
    {file = "cffi-1.15.0-cp37-cp37m-manylinux_2_17_aarch64.manylinux2014_aarch64.whl", hash = "sha256:91d77d2a782be4274da750752bb1650a97bfd8f291022b379bb8e01c66b4e96b"},
    {file = "cffi-1.15.0-cp37-cp37m-manylinux_2_17_ppc64le.manylinux2014_ppc64le.whl", hash = "sha256:45db3a33139e9c8f7c09234b5784a5e33d31fd6907800b316decad50af323ff2"},
    {file = "cffi-1.15.0-cp37-cp37m-manylinux_2_17_s390x.manylinux2014_s390x.whl", hash = "sha256:263cc3d821c4ab2213cbe8cd8b355a7f72a8324577dc865ef98487c1aeee2bc7"},
    {file = "cffi-1.15.0-cp37-cp37m-win32.whl", hash = "sha256:17771976e82e9f94976180f76468546834d22a7cc404b17c22df2a2c81db0c66"},
    {file = "cffi-1.15.0-cp37-cp37m-win_amd64.whl", hash = "sha256:3415c89f9204ee60cd09b235810be700e993e343a408693e80ce7f6a40108029"},
    {file = "cffi-1.15.0-cp38-cp38-macosx_10_9_x86_64.whl", hash = "sha256:4238e6dab5d6a8ba812de994bbb0a79bddbdf80994e4ce802b6f6f3142fcc880"},
    {file = "cffi-1.15.0-cp38-cp38-manylinux_2_12_i686.manylinux2010_i686.whl", hash = "sha256:0808014eb713677ec1292301ea4c81ad277b6cdf2fdd90fd540af98c0b101d20"},
    {file = "cffi-1.15.0-cp38-cp38-manylinux_2_12_x86_64.manylinux2010_x86_64.whl", hash = "sha256:57e9ac9ccc3101fac9d6014fba037473e4358ef4e89f8e181f8951a2c0162024"},
    {file = "cffi-1.15.0-cp38-cp38-manylinux_2_17_aarch64.manylinux2014_aarch64.whl", hash = "sha256:8b6c2ea03845c9f501ed1313e78de148cd3f6cad741a75d43a29b43da27f2e1e"},
    {file = "cffi-1.15.0-cp38-cp38-manylinux_2_17_ppc64le.manylinux2014_ppc64le.whl", hash = "sha256:10dffb601ccfb65262a27233ac273d552ddc4d8ae1bf93b21c94b8511bffe728"},
    {file = "cffi-1.15.0-cp38-cp38-manylinux_2_17_s390x.manylinux2014_s390x.whl", hash = "sha256:786902fb9ba7433aae840e0ed609f45c7bcd4e225ebb9c753aa39725bb3e6ad6"},
    {file = "cffi-1.15.0-cp38-cp38-win32.whl", hash = "sha256:da5db4e883f1ce37f55c667e5c0de439df76ac4cb55964655906306918e7363c"},
    {file = "cffi-1.15.0-cp38-cp38-win_amd64.whl", hash = "sha256:181dee03b1170ff1969489acf1c26533710231c58f95534e3edac87fff06c443"},
    {file = "cffi-1.15.0-cp39-cp39-macosx_10_9_x86_64.whl", hash = "sha256:45e8636704eacc432a206ac7345a5d3d2c62d95a507ec70d62f23cd91770482a"},
    {file = "cffi-1.15.0-cp39-cp39-macosx_11_0_arm64.whl", hash = "sha256:31fb708d9d7c3f49a60f04cf5b119aeefe5644daba1cd2a0fe389b674fd1de37"},
    {file = "cffi-1.15.0-cp39-cp39-manylinux_2_12_i686.manylinux2010_i686.whl", hash = "sha256:6dc2737a3674b3e344847c8686cf29e500584ccad76204efea14f451d4cc669a"},
    {file = "cffi-1.15.0-cp39-cp39-manylinux_2_12_x86_64.manylinux2010_x86_64.whl", hash = "sha256:74fdfdbfdc48d3f47148976f49fab3251e550a8720bebc99bf1483f5bfb5db3e"},
    {file = "cffi-1.15.0-cp39-cp39-manylinux_2_17_aarch64.manylinux2014_aarch64.whl", hash = "sha256:ffaa5c925128e29efbde7301d8ecaf35c8c60ffbcd6a1ffd3a552177c8e5e796"},
    {file = "cffi-1.15.0-cp39-cp39-manylinux_2_17_ppc64le.manylinux2014_ppc64le.whl", hash = "sha256:3f7d084648d77af029acb79a0ff49a0ad7e9d09057a9bf46596dac9514dc07df"},
    {file = "cffi-1.15.0-cp39-cp39-manylinux_2_17_s390x.manylinux2014_s390x.whl", hash = "sha256:ef1f279350da2c586a69d32fc8733092fd32cc8ac95139a00377841f59a3f8d8"},
    {file = "cffi-1.15.0-cp39-cp39-win32.whl", hash = "sha256:2a23af14f408d53d5e6cd4e3d9a24ff9e05906ad574822a10563efcef137979a"},
    {file = "cffi-1.15.0-cp39-cp39-win_amd64.whl", hash = "sha256:3773c4d81e6e818df2efbc7dd77325ca0dcb688116050fb2b3011218eda36139"},
    {file = "cffi-1.15.0.tar.gz", hash = "sha256:920f0d66a896c2d99f0adbb391f990a84091179542c205fa53ce5787aff87954"},
]
charset-normalizer = [
    {file = "charset-normalizer-2.0.12.tar.gz", hash = "sha256:2857e29ff0d34db842cd7ca3230549d1a697f96ee6d3fb071cfa6c7393832597"},
    {file = "charset_normalizer-2.0.12-py3-none-any.whl", hash = "sha256:6881edbebdb17b39b4eaaa821b438bf6eddffb4468cf344f09f89def34a8b1df"},
]
colorama = [
    {file = "colorama-0.4.4-py2.py3-none-any.whl", hash = "sha256:9f47eda37229f68eee03b24b9748937c7dc3868f906e8ba69fbcbdd3bc5dc3e2"},
    {file = "colorama-0.4.4.tar.gz", hash = "sha256:5941b2b48a20143d2267e95b1c2a7603ce057ee39fd88e7329b0c292aa16869b"},
]
cryptography = [
    {file = "cryptography-37.0.2-cp36-abi3-macosx_10_10_universal2.whl", hash = "sha256:ef15c2df7656763b4ff20a9bc4381d8352e6640cfeb95c2972c38ef508e75181"},
    {file = "cryptography-37.0.2-cp36-abi3-macosx_10_10_x86_64.whl", hash = "sha256:3c81599befb4d4f3d7648ed3217e00d21a9341a9a688ecdd615ff72ffbed7336"},
    {file = "cryptography-37.0.2-cp36-abi3-manylinux_2_12_x86_64.manylinux2010_x86_64.whl", hash = "sha256:2bd1096476aaac820426239ab534b636c77d71af66c547b9ddcd76eb9c79e004"},
    {file = "cryptography-37.0.2-cp36-abi3-manylinux_2_17_aarch64.manylinux2014_aarch64.manylinux_2_24_aarch64.whl", hash = "sha256:31fe38d14d2e5f787e0aecef831457da6cec68e0bb09a35835b0b44ae8b988fe"},
    {file = "cryptography-37.0.2-cp36-abi3-manylinux_2_17_aarch64.manylinux2014_aarch64.whl", hash = "sha256:093cb351031656d3ee2f4fa1be579a8c69c754cf874206be1d4cf3b542042804"},
    {file = "cryptography-37.0.2-cp36-abi3-manylinux_2_17_x86_64.manylinux2014_x86_64.whl", hash = "sha256:59b281eab51e1b6b6afa525af2bd93c16d49358404f814fe2c2410058623928c"},
    {file = "cryptography-37.0.2-cp36-abi3-manylinux_2_24_x86_64.whl", hash = "sha256:0cc20f655157d4cfc7bada909dc5cc228211b075ba8407c46467f63597c78178"},
    {file = "cryptography-37.0.2-cp36-abi3-musllinux_1_1_aarch64.whl", hash = "sha256:f8ec91983e638a9bcd75b39f1396e5c0dc2330cbd9ce4accefe68717e6779e0a"},
    {file = "cryptography-37.0.2-cp36-abi3-musllinux_1_1_x86_64.whl", hash = "sha256:46f4c544f6557a2fefa7ac8ac7d1b17bf9b647bd20b16decc8fbcab7117fbc15"},
    {file = "cryptography-37.0.2-cp36-abi3-win32.whl", hash = "sha256:731c8abd27693323b348518ed0e0705713a36d79fdbd969ad968fbef0979a7e0"},
    {file = "cryptography-37.0.2-cp36-abi3-win_amd64.whl", hash = "sha256:471e0d70201c069f74c837983189949aa0d24bb2d751b57e26e3761f2f782b8d"},
    {file = "cryptography-37.0.2-pp37-pypy37_pp73-manylinux_2_17_x86_64.manylinux2014_x86_64.whl", hash = "sha256:a68254dd88021f24a68b613d8c51d5c5e74d735878b9e32cc0adf19d1f10aaf9"},
    {file = "cryptography-37.0.2-pp37-pypy37_pp73-manylinux_2_24_x86_64.whl", hash = "sha256:a7d5137e556cc0ea418dca6186deabe9129cee318618eb1ffecbd35bee55ddc1"},
    {file = "cryptography-37.0.2-pp38-pypy38_pp73-macosx_10_10_x86_64.whl", hash = "sha256:aeaba7b5e756ea52c8861c133c596afe93dd716cbcacae23b80bc238202dc023"},
    {file = "cryptography-37.0.2-pp38-pypy38_pp73-manylinux_2_17_x86_64.manylinux2014_x86_64.whl", hash = "sha256:95e590dd70642eb2079d280420a888190aa040ad20f19ec8c6e097e38aa29e06"},
    {file = "cryptography-37.0.2-pp38-pypy38_pp73-manylinux_2_24_x86_64.whl", hash = "sha256:1b9362d34363f2c71b7853f6251219298124aa4cc2075ae2932e64c91a3e2717"},
    {file = "cryptography-37.0.2-pp38-pypy38_pp73-win_amd64.whl", hash = "sha256:e53258e69874a306fcecb88b7534d61820db8a98655662a3dd2ec7f1afd9132f"},
    {file = "cryptography-37.0.2-pp39-pypy39_pp73-macosx_10_10_x86_64.whl", hash = "sha256:1f3bfbd611db5cb58ca82f3deb35e83af34bb8cf06043fa61500157d50a70982"},
    {file = "cryptography-37.0.2-pp39-pypy39_pp73-manylinux_2_17_x86_64.manylinux2014_x86_64.whl", hash = "sha256:419c57d7b63f5ec38b1199a9521d77d7d1754eb97827bbb773162073ccd8c8d4"},
    {file = "cryptography-37.0.2-pp39-pypy39_pp73-manylinux_2_24_x86_64.whl", hash = "sha256:dc26bb134452081859aa21d4990474ddb7e863aa39e60d1592800a8865a702de"},
    {file = "cryptography-37.0.2-pp39-pypy39_pp73-win_amd64.whl", hash = "sha256:3b8398b3d0efc420e777c40c16764d6870bcef2eb383df9c6dbb9ffe12c64452"},
    {file = "cryptography-37.0.2.tar.gz", hash = "sha256:f224ad253cc9cea7568f49077007d2263efa57396a2f2f78114066fd54b5c68e"},
]
decorator = [
    {file = "decorator-5.1.1-py3-none-any.whl", hash = "sha256:b8c3f85900b9dc423225913c5aace94729fe1fa9763b38939a95226f02d37186"},
    {file = "decorator-5.1.1.tar.gz", hash = "sha256:637996211036b6385ef91435e4fae22989472f9d571faba8927ba8253acbc330"},
]
executing = [
    {file = "executing-0.8.3-py2.py3-none-any.whl", hash = "sha256:d1eef132db1b83649a3905ca6dd8897f71ac6f8cac79a7e58a1a09cf137546c9"},
    {file = "executing-0.8.3.tar.gz", hash = "sha256:c6554e21c6b060590a6d3be4b82fb78f8f0194d809de5ea7df1c093763311501"},
]
idna = [
    {file = "idna-3.3-py3-none-any.whl", hash = "sha256:84d9dd047ffa80596e0f246e2eab0b391788b0503584e8945f2368256d2735ff"},
    {file = "idna-3.3.tar.gz", hash = "sha256:9d643ff0a55b762d5cdb124b8eaa99c66322e2157b69160bc32796e824360e6d"},
]
ipython = [
    {file = "ipython-8.3.0-py3-none-any.whl", hash = "sha256:341456643a764c28f670409bbd5d2518f9b82c013441084ff2c2fc999698f83b"},
    {file = "ipython-8.3.0.tar.gz", hash = "sha256:807ae3cf43b84693c9272f70368440a9a7eaa2e7e6882dad943c32fbf7e51402"},
]
isodate = [
    {file = "isodate-0.6.1-py2.py3-none-any.whl", hash = "sha256:0751eece944162659049d35f4f549ed815792b38793f07cf73381c1c87cbed96"},
    {file = "isodate-0.6.1.tar.gz", hash = "sha256:48c5881de7e8b0a0d648cb024c8062dc84e7b840ed81e864c7614fd3c127bde9"},
]
jedi = [
    {file = "jedi-0.18.1-py2.py3-none-any.whl", hash = "sha256:637c9635fcf47945ceb91cd7f320234a7be540ded6f3e99a50cb6febdfd1ba8d"},
    {file = "jedi-0.18.1.tar.gz", hash = "sha256:74137626a64a99c8eb6ae5832d99b3bdd7d29a3850fe2aa80a4126b2a7d949ab"},
]
matplotlib-inline = [
    {file = "matplotlib-inline-0.1.3.tar.gz", hash = "sha256:a04bfba22e0d1395479f866853ec1ee28eea1485c1d69a6faf00dc3e24ff34ee"},
    {file = "matplotlib_inline-0.1.3-py3-none-any.whl", hash = "sha256:aed605ba3b72462d64d475a21a9296f400a19c4f74a31b59103d2a99ffd5aa5c"},
]
msal = [
    {file = "msal-1.17.0-py2.py3-none-any.whl", hash = "sha256:5a52d78e70d2c451e267c1e8c2342e4c06f495c75c859aeafd9260d3974f09fe"},
    {file = "msal-1.17.0.tar.gz", hash = "sha256:04e3cb7bb75c51f56d290381f23056207df1f3eb594ed03d38551f3b16d2a36e"},
]
msal-extensions = [
    {file = "msal-extensions-1.0.0.tar.gz", hash = "sha256:c676aba56b0cce3783de1b5c5ecfe828db998167875126ca4b47dc6436451354"},
    {file = "msal_extensions-1.0.0-py2.py3-none-any.whl", hash = "sha256:91e3db9620b822d0ed2b4d1850056a0f133cba04455e62f11612e40f5502f2ee"},
]
msrest = [
    {file = "msrest-0.6.21-py2.py3-none-any.whl", hash = "sha256:c840511c845330e96886011a236440fafc2c9aff7b2df9c0a92041ee2dee3782"},
    {file = "msrest-0.6.21.tar.gz", hash = "sha256:72661bc7bedc2dc2040e8f170b6e9ef226ee6d3892e01affd4d26b06474d68d8"},
]
oauthlib = [
    {file = "oauthlib-3.2.0-py3-none-any.whl", hash = "sha256:6db33440354787f9b7f3a6dbd4febf5d0f93758354060e802f6c06cb493022fe"},
    {file = "oauthlib-3.2.0.tar.gz", hash = "sha256:23a8208d75b902797ea29fd31fa80a15ed9dc2c6c16fe73f5d346f83f6fa27a2"},
]
parso = [
    {file = "parso-0.8.3-py2.py3-none-any.whl", hash = "sha256:c001d4636cd3aecdaf33cbb40aebb59b094be2a74c556778ef5576c175e19e75"},
    {file = "parso-0.8.3.tar.gz", hash = "sha256:8c07be290bb59f03588915921e29e8a50002acaf2cdc5fa0e0114f91709fafa0"},
]
pexpect = [
    {file = "pexpect-4.8.0-py2.py3-none-any.whl", hash = "sha256:0b48a55dcb3c05f3329815901ea4fc1537514d6ba867a152b581d69ae3710937"},
    {file = "pexpect-4.8.0.tar.gz", hash = "sha256:fc65a43959d153d0114afe13997d439c22823a27cefceb5ff35c2178c6784c0c"},
]
pickleshare = [
    {file = "pickleshare-0.7.5-py2.py3-none-any.whl", hash = "sha256:9649af414d74d4df115d5d718f82acb59c9d418196b7b4290ed47a12ce62df56"},
    {file = "pickleshare-0.7.5.tar.gz", hash = "sha256:87683d47965c1da65cdacaf31c8441d12b8044cdec9aca500cd78fc2c683afca"},
]
portalocker = [
    {file = "portalocker-2.4.0-py2.py3-none-any.whl", hash = "sha256:b092f48e1e30a234ab3dd1cfd44f2f235e8a41f4e310e463fc8d6798d1c3c235"},
    {file = "portalocker-2.4.0.tar.gz", hash = "sha256:a648ad761b8ea27370cb5915350122cd807b820d2193ed5c9cc28f163df637f4"},
]
prompt-toolkit = [
    {file = "prompt_toolkit-3.0.29-py3-none-any.whl", hash = "sha256:62291dad495e665fca0bda814e342c69952086afb0f4094d0893d357e5c78752"},
    {file = "prompt_toolkit-3.0.29.tar.gz", hash = "sha256:bd640f60e8cecd74f0dc249713d433ace2ddc62b65ee07f96d358e0b152b6ea7"},
]
ptyprocess = [
    {file = "ptyprocess-0.7.0-py2.py3-none-any.whl", hash = "sha256:4b41f3967fce3af57cc7e94b888626c18bf37a083e3651ca8feeb66d492fef35"},
    {file = "ptyprocess-0.7.0.tar.gz", hash = "sha256:5c5d0a3b48ceee0b48485e0c26037c0acd7d29765ca3fbb5cb3831d347423220"},
]
pure-eval = [
    {file = "pure_eval-0.2.2-py3-none-any.whl", hash = "sha256:01eaab343580944bc56080ebe0a674b39ec44a945e6d09ba7db3cb8cec289350"},
    {file = "pure_eval-0.2.2.tar.gz", hash = "sha256:2b45320af6dfaa1750f543d714b6d1c520a1688dec6fd24d339063ce0aaa9ac3"},
]
py4j = [
    {file = "py4j-0.10.9.3-py2.py3-none-any.whl", hash = "sha256:04f5b06917c0c8a81ab34121dda09a2ba1f74e96d59203c821d5cb7d28c35363"},
    {file = "py4j-0.10.9.3.tar.gz", hash = "sha256:0d92844da4cb747155b9563c44fc322c9a1562b3ef0979ae692dbde732d784dd"},
]
pycparser = [
    {file = "pycparser-2.21-py2.py3-none-any.whl", hash = "sha256:8ee45429555515e1f6b185e78100aea234072576aa43ab53aefcae078162fca9"},
    {file = "pycparser-2.21.tar.gz", hash = "sha256:e644fdec12f7872f86c58ff790da456218b10f863970249516d60a5eaca77206"},
]
pygments = [
    {file = "Pygments-2.12.0-py3-none-any.whl", hash = "sha256:dc9c10fb40944260f6ed4c688ece0cd2048414940f1cea51b8b226318411c519"},
    {file = "Pygments-2.12.0.tar.gz", hash = "sha256:5eb116118f9612ff1ee89ac96437bb6b49e8f04d8a13b514ba26f620208e26eb"},
]
pyjwt = [
    {file = "PyJWT-2.3.0-py3-none-any.whl", hash = "sha256:e0c4bb8d9f0af0c7f5b1ec4c5036309617d03d56932877f2f7a0beeb5318322f"},
    {file = "PyJWT-2.3.0.tar.gz", hash = "sha256:b888b4d56f06f6dcd777210c334e69c737be74755d3e5e9ee3fe67dc18a0ee41"},
]
pyspark = [
    {file = "pyspark-3.2.1.tar.gz", hash = "sha256:0b81359262ec6e9ac78c353344e7de026027d140c6def949ff0d80ab70f89a54"},
]
python-dotenv = [
    {file = "python-dotenv-0.20.0.tar.gz", hash = "sha256:b7e3b04a59693c42c36f9ab1cc2acc46fa5df8c78e178fc33a8d4cd05c8d498f"},
    {file = "python_dotenv-0.20.0-py3-none-any.whl", hash = "sha256:d92a187be61fe482e4fd675b6d52200e7be63a12b724abbf931a40ce4fa92938"},
]
pywin32 = [
    {file = "pywin32-304-cp310-cp310-win32.whl", hash = "sha256:3c7bacf5e24298c86314f03fa20e16558a4e4138fc34615d7de4070c23e65af3"},
    {file = "pywin32-304-cp310-cp310-win_amd64.whl", hash = "sha256:4f32145913a2447736dad62495199a8e280a77a0ca662daa2332acf849f0be48"},
    {file = "pywin32-304-cp310-cp310-win_arm64.whl", hash = "sha256:d3ee45adff48e0551d1aa60d2ec066fec006083b791f5c3527c40cd8aefac71f"},
    {file = "pywin32-304-cp311-cp311-win32.whl", hash = "sha256:30c53d6ce44c12a316a06c153ea74152d3b1342610f1b99d40ba2795e5af0269"},
    {file = "pywin32-304-cp311-cp311-win_amd64.whl", hash = "sha256:7ffa0c0fa4ae4077e8b8aa73800540ef8c24530057768c3ac57c609f99a14fd4"},
    {file = "pywin32-304-cp311-cp311-win_arm64.whl", hash = "sha256:cbbe34dad39bdbaa2889a424d28752f1b4971939b14b1bb48cbf0182a3bcfc43"},
    {file = "pywin32-304-cp36-cp36m-win32.whl", hash = "sha256:be253e7b14bc601718f014d2832e4c18a5b023cbe72db826da63df76b77507a1"},
    {file = "pywin32-304-cp36-cp36m-win_amd64.whl", hash = "sha256:de9827c23321dcf43d2f288f09f3b6d772fee11e809015bdae9e69fe13213988"},
    {file = "pywin32-304-cp37-cp37m-win32.whl", hash = "sha256:f64c0377cf01b61bd5e76c25e1480ca8ab3b73f0c4add50538d332afdf8f69c5"},
    {file = "pywin32-304-cp37-cp37m-win_amd64.whl", hash = "sha256:bb2ea2aa81e96eee6a6b79d87e1d1648d3f8b87f9a64499e0b92b30d141e76df"},
    {file = "pywin32-304-cp38-cp38-win32.whl", hash = "sha256:94037b5259701988954931333aafd39cf897e990852115656b014ce72e052e96"},
    {file = "pywin32-304-cp38-cp38-win_amd64.whl", hash = "sha256:ead865a2e179b30fb717831f73cf4373401fc62fbc3455a0889a7ddac848f83e"},
    {file = "pywin32-304-cp39-cp39-win32.whl", hash = "sha256:25746d841201fd9f96b648a248f731c1dec851c9a08b8e33da8b56148e4c65cc"},
    {file = "pywin32-304-cp39-cp39-win_amd64.whl", hash = "sha256:d24a3382f013b21aa24a5cfbfad5a2cd9926610c0affde3e8ab5b3d7dbcf4ac9"},
]
requests = [
    {file = "requests-2.27.1-py2.py3-none-any.whl", hash = "sha256:f22fa1e554c9ddfd16e6e41ac79759e17be9e492b3587efa038054674760e72d"},
    {file = "requests-2.27.1.tar.gz", hash = "sha256:68d7c56fd5a8999887728ef304a6d12edc7be74f1cfa47714fc8b414525c9a61"},
]
requests-oauthlib = [
    {file = "requests-oauthlib-1.3.1.tar.gz", hash = "sha256:75beac4a47881eeb94d5ea5d6ad31ef88856affe2332b9aafb52c6452ccf0d7a"},
    {file = "requests_oauthlib-1.3.1-py2.py3-none-any.whl", hash = "sha256:2577c501a2fb8d05a304c09d090d6e47c306fef15809d102b327cf8364bddab5"},
]
six = [
    {file = "six-1.16.0-py2.py3-none-any.whl", hash = "sha256:8abb2f1d86890a2dfb989f9a77cfcfd3e47c2a354b01111771326f8aa26e0254"},
    {file = "six-1.16.0.tar.gz", hash = "sha256:1e61c37477a1626458e36f7b1d82aa5c9b094fa4802892072e49de9c60c4c926"},
]
stack-data = [
    {file = "stack_data-0.2.0-py3-none-any.whl", hash = "sha256:999762f9c3132308789affa03e9271bbbe947bf78311851f4d485d8402ed858e"},
    {file = "stack_data-0.2.0.tar.gz", hash = "sha256:45692d41bd633a9503a5195552df22b583caf16f0b27c4e58c98d88c8b648e12"},
]
traitlets = [
    {file = "traitlets-5.2.0-py3-none-any.whl", hash = "sha256:9dd4025123fbe018a2092b2ad6984792f53ea3362c698f37473258b1fa97b0bc"},
    {file = "traitlets-5.2.0.tar.gz", hash = "sha256:60474f39bf1d39a11e0233090b99af3acee93bbc2281777e61dd8c87da8a0014"},
]
typing-extensions = [
    {file = "typing_extensions-4.2.0-py3-none-any.whl", hash = "sha256:6657594ee297170d19f67d55c05852a874e7eb634f4f753dbd667855e07c1708"},
    {file = "typing_extensions-4.2.0.tar.gz", hash = "sha256:f1c24655a0da0d1b67f07e17a5e6b2a105894e6824b92096378bb3668ef02376"},
]
urllib3 = [
    {file = "urllib3-1.26.9-py2.py3-none-any.whl", hash = "sha256:44ece4d53fb1706f667c9bd1c648f5469a2ec925fcf3a776667042d645472c14"},
    {file = "urllib3-1.26.9.tar.gz", hash = "sha256:aabaf16477806a5e1dd19aa41f8c2b7950dd3c746362d7e3223dbe6de6ac448e"},
]
wcwidth = [
    {file = "wcwidth-0.2.5-py2.py3-none-any.whl", hash = "sha256:beb4802a9cebb9144e99086eff703a642a13d6a0052920003a230f3294bbe784"},
    {file = "wcwidth-0.2.5.tar.gz", hash = "sha256:c4d647b99872929fdb7bdcaa4fbe7f01413ed3d98077df798530e5b04f116c83"},
]
